// !$*UTF8*$!
{
	archiveVersion = 1;
	classes = {
	};
	objectVersion = 55;
	objects = {

/* Begin PBXBuildFile section */
		4429687D27761D2800663015 /* LeagueCell.swift in Sources */ = {isa = PBXBuildFile; fileRef = 4429687C27761D2800663015 /* LeagueCell.swift */; };
		44768698276EB449004A50E1 /* AppDelegate.swift in Sources */ = {isa = PBXBuildFile; fileRef = 44768697276EB449004A50E1 /* AppDelegate.swift */; };
		4476869A276EB449004A50E1 /* SceneDelegate.swift in Sources */ = {isa = PBXBuildFile; fileRef = 44768699276EB449004A50E1 /* SceneDelegate.swift */; };
		4476869C276EB449004A50E1 /* LeagueListScreen.swift in Sources */ = {isa = PBXBuildFile; fileRef = 4476869B276EB449004A50E1 /* LeagueListScreen.swift */; };
		4476869F276EB449004A50E1 /* Main.storyboard in Resources */ = {isa = PBXBuildFile; fileRef = 4476869D276EB449004A50E1 /* Main.storyboard */; };
		447686A1276EB44B004A50E1 /* Assets.xcassets in Resources */ = {isa = PBXBuildFile; fileRef = 447686A0276EB44B004A50E1 /* Assets.xcassets */; };
		447686A4276EB44B004A50E1 /* LaunchScreen.storyboard in Resources */ = {isa = PBXBuildFile; fileRef = 447686A2276EB44B004A50E1 /* LaunchScreen.storyboard */; };
		447686AF276EB44B004A50E1 /* League_AppTests.swift in Sources */ = {isa = PBXBuildFile; fileRef = 447686AE276EB44B004A50E1 /* League_AppTests.swift */; };
		447686B9276EB44B004A50E1 /* League_AppUITests.swift in Sources */ = {isa = PBXBuildFile; fileRef = 447686B8276EB44B004A50E1 /* League_AppUITests.swift */; };
		447686BB276EB44B004A50E1 /* League_AppUITestsLaunchTests.swift in Sources */ = {isa = PBXBuildFile; fileRef = 447686BA276EB44B004A50E1 /* League_AppUITestsLaunchTests.swift */; };
		447686C8276EB4BC004A50E1 /* Player.swift in Sources */ = {isa = PBXBuildFile; fileRef = 447686C7276EB4BC004A50E1 /* Player.swift */; };
		447686CA276ED1FD004A50E1 /* League.swift in Sources */ = {isa = PBXBuildFile; fileRef = 447686C9276ED1FD004A50E1 /* League.swift */; };
		448827F0276F03CA0067FF87 /* PlayerCell.swift in Sources */ = {isa = PBXBuildFile; fileRef = 448827EF276F03CA0067FF87 /* PlayerCell.swift */; };
		448827F2276F05B20067FF87 /* PlayerListScreen.swift in Sources */ = {isa = PBXBuildFile; fileRef = 448827F1276F05B20067FF87 /* PlayerListScreen.swift */; };
/* End PBXBuildFile section */

/* Begin PBXContainerItemProxy section */
		447686AB276EB44B004A50E1 /* PBXContainerItemProxy */ = {
			isa = PBXContainerItemProxy;
			containerPortal = 4476868C276EB449004A50E1 /* Project object */;
			proxyType = 1;
			remoteGlobalIDString = 44768693276EB449004A50E1;
			remoteInfo = "League App";
		};
		447686B5276EB44B004A50E1 /* PBXContainerItemProxy */ = {
			isa = PBXContainerItemProxy;
			containerPortal = 4476868C276EB449004A50E1 /* Project object */;
			proxyType = 1;
			remoteGlobalIDString = 44768693276EB449004A50E1;
			remoteInfo = "League App";
		};
/* End PBXContainerItemProxy section */

/* Begin PBXFileReference section */
		4429687C27761D2800663015 /* LeagueCell.swift */ = {isa = PBXFileReference; lastKnownFileType = sourcecode.swift; path = LeagueCell.swift; sourceTree = "<group>"; };
		44768694276EB449004A50E1 /* League App.app */ = {isa = PBXFileReference; explicitFileType = wrapper.application; includeInIndex = 0; path = "League App.app"; sourceTree = BUILT_PRODUCTS_DIR; };
		44768697276EB449004A50E1 /* AppDelegate.swift */ = {isa = PBXFileReference; lastKnownFileType = sourcecode.swift; path = AppDelegate.swift; sourceTree = "<group>"; };
		44768699276EB449004A50E1 /* SceneDelegate.swift */ = {isa = PBXFileReference; lastKnownFileType = sourcecode.swift; path = SceneDelegate.swift; sourceTree = "<group>"; };
		4476869B276EB449004A50E1 /* LeagueListScreen.swift */ = {isa = PBXFileReference; lastKnownFileType = sourcecode.swift; path = LeagueListScreen.swift; sourceTree = "<group>"; };
		4476869E276EB449004A50E1 /* Base */ = {isa = PBXFileReference; lastKnownFileType = file.storyboard; name = Base; path = Base.lproj/Main.storyboard; sourceTree = "<group>"; };
		447686A0276EB44B004A50E1 /* Assets.xcassets */ = {isa = PBXFileReference; lastKnownFileType = folder.assetcatalog; path = Assets.xcassets; sourceTree = "<group>"; };
		447686A3276EB44B004A50E1 /* Base */ = {isa = PBXFileReference; lastKnownFileType = file.storyboard; name = Base; path = Base.lproj/LaunchScreen.storyboard; sourceTree = "<group>"; };
		447686A5276EB44B004A50E1 /* Info.plist */ = {isa = PBXFileReference; lastKnownFileType = text.plist.xml; path = Info.plist; sourceTree = "<group>"; };
		447686AA276EB44B004A50E1 /* League AppTests.xctest */ = {isa = PBXFileReference; explicitFileType = wrapper.cfbundle; includeInIndex = 0; path = "League AppTests.xctest"; sourceTree = BUILT_PRODUCTS_DIR; };
		447686AE276EB44B004A50E1 /* League_AppTests.swift */ = {isa = PBXFileReference; lastKnownFileType = sourcecode.swift; path = League_AppTests.swift; sourceTree = "<group>"; };
		447686B4276EB44B004A50E1 /* League AppUITests.xctest */ = {isa = PBXFileReference; explicitFileType = wrapper.cfbundle; includeInIndex = 0; path = "League AppUITests.xctest"; sourceTree = BUILT_PRODUCTS_DIR; };
		447686B8276EB44B004A50E1 /* League_AppUITests.swift */ = {isa = PBXFileReference; lastKnownFileType = sourcecode.swift; path = League_AppUITests.swift; sourceTree = "<group>"; };
		447686BA276EB44B004A50E1 /* League_AppUITestsLaunchTests.swift */ = {isa = PBXFileReference; lastKnownFileType = sourcecode.swift; path = League_AppUITestsLaunchTests.swift; sourceTree = "<group>"; };
		447686C7276EB4BC004A50E1 /* Player.swift */ = {isa = PBXFileReference; lastKnownFileType = sourcecode.swift; path = Player.swift; sourceTree = "<group>"; };
		447686C9276ED1FD004A50E1 /* League.swift */ = {isa = PBXFileReference; lastKnownFileType = sourcecode.swift; path = League.swift; sourceTree = "<group>"; };
		448827EF276F03CA0067FF87 /* PlayerCell.swift */ = {isa = PBXFileReference; lastKnownFileType = sourcecode.swift; path = PlayerCell.swift; sourceTree = "<group>"; };
		448827F1276F05B20067FF87 /* PlayerListScreen.swift */ = {isa = PBXFileReference; lastKnownFileType = sourcecode.swift; path = PlayerListScreen.swift; sourceTree = "<group>"; };
/* End PBXFileReference section */

/* Begin PBXFrameworksBuildPhase section */
		44768691276EB449004A50E1 /* Frameworks */ = {
			isa = PBXFrameworksBuildPhase;
			buildActionMask = 2147483647;
			files = (
			);
			runOnlyForDeploymentPostprocessing = 0;
		};
		447686A7276EB44B004A50E1 /* Frameworks */ = {
			isa = PBXFrameworksBuildPhase;
			buildActionMask = 2147483647;
			files = (
			);
			runOnlyForDeploymentPostprocessing = 0;
		};
		447686B1276EB44B004A50E1 /* Frameworks */ = {
			isa = PBXFrameworksBuildPhase;
			buildActionMask = 2147483647;
			files = (
			);
			runOnlyForDeploymentPostprocessing = 0;
		};
/* End PBXFrameworksBuildPhase section */

/* Begin PBXGroup section */
		4429687A2776188200663015 /* viewcontrollers */ = {
			isa = PBXGroup;
			children = (
				4476869B276EB449004A50E1 /* LeagueListScreen.swift */,
				448827F1276F05B20067FF87 /* PlayerListScreen.swift */,
			);
			path = viewcontrollers;
			sourceTree = "<group>";
		};
		4476868B276EB449004A50E1 = {
			isa = PBXGroup;
			children = (
				44768696276EB449004A50E1 /* League App */,
				447686AD276EB44B004A50E1 /* League AppTests */,
				447686B7276EB44B004A50E1 /* League AppUITests */,
				44768695276EB449004A50E1 /* Products */,
			);
			sourceTree = "<group>";
		};
		44768695276EB449004A50E1 /* Products */ = {
			isa = PBXGroup;
			children = (
				44768694276EB449004A50E1 /* League App.app */,
				447686AA276EB44B004A50E1 /* League AppTests.xctest */,
				447686B4276EB44B004A50E1 /* League AppUITests.xctest */,
			);
			name = Products;
			sourceTree = "<group>";
		};
		44768696276EB449004A50E1 /* League App */ = {
			isa = PBXGroup;
			children = (
				448827EF276F03CA0067FF87 /* PlayerCell.swift */,
				4429687C27761D2800663015 /* LeagueCell.swift */,
				447686C7276EB4BC004A50E1 /* Player.swift */,
				447686C9276ED1FD004A50E1 /* League.swift */,
				44768697276EB449004A50E1 /* AppDelegate.swift */,
				4476869D276EB449004A50E1 /* Main.storyboard */,
				4429687A2776188200663015 /* viewcontrollers */,
				44768699276EB449004A50E1 /* SceneDelegate.swift */,
				447686A0276EB44B004A50E1 /* Assets.xcassets */,
				447686A2276EB44B004A50E1 /* LaunchScreen.storyboard */,
				447686A5276EB44B004A50E1 /* Info.plist */,
			);
			path = "League App";
			sourceTree = "<group>";
		};
		447686AD276EB44B004A50E1 /* League AppTests */ = {
			isa = PBXGroup;
			children = (
				447686AE276EB44B004A50E1 /* League_AppTests.swift */,
			);
			path = "League AppTests";
			sourceTree = "<group>";
		};
		447686B7276EB44B004A50E1 /* League AppUITests */ = {
			isa = PBXGroup;
			children = (
				447686B8276EB44B004A50E1 /* League_AppUITests.swift */,
				447686BA276EB44B004A50E1 /* League_AppUITestsLaunchTests.swift */,
			);
			path = "League AppUITests";
			sourceTree = "<group>";
		};
/* End PBXGroup section */

/* Begin PBXNativeTarget section */
		44768693276EB449004A50E1 /* League App */ = {
			isa = PBXNativeTarget;
			buildConfigurationList = 447686BE276EB44B004A50E1 /* Build configuration list for PBXNativeTarget "League App" */;
			buildPhases = (
				44768690276EB449004A50E1 /* Sources */,
				44768691276EB449004A50E1 /* Frameworks */,
				44768692276EB449004A50E1 /* Resources */,
			);
			buildRules = (
			);
			dependencies = (
			);
			name = "League App";
			productName = "League App";
			productReference = 44768694276EB449004A50E1 /* League App.app */;
			productType = "com.apple.product-type.application";
		};
		447686A9276EB44B004A50E1 /* League AppTests */ = {
			isa = PBXNativeTarget;
			buildConfigurationList = 447686C1276EB44B004A50E1 /* Build configuration list for PBXNativeTarget "League AppTests" */;
			buildPhases = (
				447686A6276EB44B004A50E1 /* Sources */,
				447686A7276EB44B004A50E1 /* Frameworks */,
				447686A8276EB44B004A50E1 /* Resources */,
			);
			buildRules = (
			);
			dependencies = (
				447686AC276EB44B004A50E1 /* PBXTargetDependency */,
			);
			name = "League AppTests";
			productName = "League AppTests";
			productReference = 447686AA276EB44B004A50E1 /* League AppTests.xctest */;
			productType = "com.apple.product-type.bundle.unit-test";
		};
		447686B3276EB44B004A50E1 /* League AppUITests */ = {
			isa = PBXNativeTarget;
			buildConfigurationList = 447686C4276EB44B004A50E1 /* Build configuration list for PBXNativeTarget "League AppUITests" */;
			buildPhases = (
				447686B0276EB44B004A50E1 /* Sources */,
				447686B1276EB44B004A50E1 /* Frameworks */,
				447686B2276EB44B004A50E1 /* Resources */,
			);
			buildRules = (
			);
			dependencies = (
				447686B6276EB44B004A50E1 /* PBXTargetDependency */,
			);
			name = "League AppUITests";
			productName = "League AppUITests";
			productReference = 447686B4276EB44B004A50E1 /* League AppUITests.xctest */;
			productType = "com.apple.product-type.bundle.ui-testing";
		};
/* End PBXNativeTarget section */

/* Begin PBXProject section */
		4476868C276EB449004A50E1 /* Project object */ = {
			isa = PBXProject;
			attributes = {
				BuildIndependentTargetsInParallel = 1;
				LastSwiftUpdateCheck = 1310;
				LastUpgradeCheck = 1310;
				TargetAttributes = {
					44768693276EB449004A50E1 = {
						CreatedOnToolsVersion = 13.1;
					};
					447686A9276EB44B004A50E1 = {
						CreatedOnToolsVersion = 13.1;
						TestTargetID = 44768693276EB449004A50E1;
					};
					447686B3276EB44B004A50E1 = {
						CreatedOnToolsVersion = 13.1;
						TestTargetID = 44768693276EB449004A50E1;
					};
				};
			};
			buildConfigurationList = 4476868F276EB449004A50E1 /* Build configuration list for PBXProject "League App" */;
			compatibilityVersion = "Xcode 13.0";
			developmentRegion = en;
			hasScannedForEncodings = 0;
			knownRegions = (
				en,
				Base,
			);
			mainGroup = 4476868B276EB449004A50E1;
			productRefGroup = 44768695276EB449004A50E1 /* Products */;
			projectDirPath = "";
			projectRoot = "";
			targets = (
				44768693276EB449004A50E1 /* League App */,
				447686A9276EB44B004A50E1 /* League AppTests */,
				447686B3276EB44B004A50E1 /* League AppUITests */,
			);
		};
/* End PBXProject section */

/* Begin PBXResourcesBuildPhase section */
		44768692276EB449004A50E1 /* Resources */ = {
			isa = PBXResourcesBuildPhase;
			buildActionMask = 2147483647;
			files = (
				447686A4276EB44B004A50E1 /* LaunchScreen.storyboard in Resources */,
				447686A1276EB44B004A50E1 /* Assets.xcassets in Resources */,
				4476869F276EB449004A50E1 /* Main.storyboard in Resources */,
			);
			runOnlyForDeploymentPostprocessing = 0;
		};
		447686A8276EB44B004A50E1 /* Resources */ = {
			isa = PBXResourcesBuildPhase;
			buildActionMask = 2147483647;
			files = (
			);
			runOnlyForDeploymentPostprocessing = 0;
		};
		447686B2276EB44B004A50E1 /* Resources */ = {
			isa = PBXResourcesBuildPhase;
			buildActionMask = 2147483647;
			files = (
			);
			runOnlyForDeploymentPostprocessing = 0;
		};
/* End PBXResourcesBuildPhase section */

/* Begin PBXSourcesBuildPhase section */
		44768690276EB449004A50E1 /* Sources */ = {
			isa = PBXSourcesBuildPhase;
			buildActionMask = 2147483647;
			files = (
				447686C8276EB4BC004A50E1 /* Player.swift in Sources */,
				4476869C276EB449004A50E1 /* LeagueListScreen.swift in Sources */,
				448827F2276F05B20067FF87 /* PlayerListScreen.swift in Sources */,
				448827F0276F03CA0067FF87 /* PlayerCell.swift in Sources */,
				44768698276EB449004A50E1 /* AppDelegate.swift in Sources */,
				447686CA276ED1FD004A50E1 /* League.swift in Sources */,
				4429687D27761D2800663015 /* LeagueCell.swift in Sources */,
				4476869A276EB449004A50E1 /* SceneDelegate.swift in Sources */,
			);
			runOnlyForDeploymentPostprocessing = 0;
		};
		447686A6276EB44B004A50E1 /* Sources */ = {
			isa = PBXSourcesBuildPhase;
			buildActionMask = 2147483647;
			files = (
				447686AF276EB44B004A50E1 /* League_AppTests.swift in Sources */,
			);
			runOnlyForDeploymentPostprocessing = 0;
		};
		447686B0276EB44B004A50E1 /* Sources */ = {
			isa = PBXSourcesBuildPhase;
			buildActionMask = 2147483647;
			files = (
				447686B9276EB44B004A50E1 /* League_AppUITests.swift in Sources */,
				447686BB276EB44B004A50E1 /* League_AppUITestsLaunchTests.swift in Sources */,
			);
			runOnlyForDeploymentPostprocessing = 0;
		};
/* End PBXSourcesBuildPhase section */

/* Begin PBXTargetDependency section */
		447686AC276EB44B004A50E1 /* PBXTargetDependency */ = {
			isa = PBXTargetDependency;
			target = 44768693276EB449004A50E1 /* League App */;
			targetProxy = 447686AB276EB44B004A50E1 /* PBXContainerItemProxy */;
		};
		447686B6276EB44B004A50E1 /* PBXTargetDependency */ = {
			isa = PBXTargetDependency;
			target = 44768693276EB449004A50E1 /* League App */;
			targetProxy = 447686B5276EB44B004A50E1 /* PBXContainerItemProxy */;
		};
/* End PBXTargetDependency section */

/* Begin PBXVariantGroup section */
		4476869D276EB449004A50E1 /* Main.storyboard */ = {
			isa = PBXVariantGroup;
			children = (
				4476869E276EB449004A50E1 /* Base */,
			);
			name = Main.storyboard;
			sourceTree = "<group>";
		};
		447686A2276EB44B004A50E1 /* LaunchScreen.storyboard */ = {
			isa = PBXVariantGroup;
			children = (
				447686A3276EB44B004A50E1 /* Base */,
			);
			name = LaunchScreen.storyboard;
			sourceTree = "<group>";
		};
/* End PBXVariantGroup section */

/* Begin XCBuildConfiguration section */
		447686BC276EB44B004A50E1 /* Debug */ = {
			isa = XCBuildConfiguration;
			buildSettings = {
				ALWAYS_SEARCH_USER_PATHS = NO;
				CLANG_ANALYZER_NONNULL = YES;
				CLANG_ANALYZER_NUMBER_OBJECT_CONVERSION = YES_AGGRESSIVE;
				CLANG_CXX_LANGUAGE_STANDARD = "gnu++17";
				CLANG_CXX_LIBRARY = "libc++";
				CLANG_ENABLE_MODULES = YES;
				CLANG_ENABLE_OBJC_ARC = YES;
				CLANG_ENABLE_OBJC_WEAK = YES;
				CLANG_WARN_BLOCK_CAPTURE_AUTORELEASING = YES;
				CLANG_WARN_BOOL_CONVERSION = YES;
				CLANG_WARN_COMMA = YES;
				CLANG_WARN_CONSTANT_CONVERSION = YES;
				CLANG_WARN_DEPRECATED_OBJC_IMPLEMENTATIONS = YES;
				CLANG_WARN_DIRECT_OBJC_ISA_USAGE = YES_ERROR;
				CLANG_WARN_DOCUMENTATION_COMMENTS = YES;
				CLANG_WARN_EMPTY_BODY = YES;
				CLANG_WARN_ENUM_CONVERSION = YES;
				CLANG_WARN_INFINITE_RECURSION = YES;
				CLANG_WARN_INT_CONVERSION = YES;
				CLANG_WARN_NON_LITERAL_NULL_CONVERSION = YES;
				CLANG_WARN_OBJC_IMPLICIT_RETAIN_SELF = YES;
				CLANG_WARN_OBJC_LITERAL_CONVERSION = YES;
				CLANG_WARN_OBJC_ROOT_CLASS = YES_ERROR;
				CLANG_WARN_QUOTED_INCLUDE_IN_FRAMEWORK_HEADER = YES;
				CLANG_WARN_RANGE_LOOP_ANALYSIS = YES;
				CLANG_WARN_STRICT_PROTOTYPES = YES;
				CLANG_WARN_SUSPICIOUS_MOVE = YES;
				CLANG_WARN_UNGUARDED_AVAILABILITY = YES_AGGRESSIVE;
				CLANG_WARN_UNREACHABLE_CODE = YES;
				CLANG_WARN__DUPLICATE_METHOD_MATCH = YES;
				COPY_PHASE_STRIP = NO;
				DEBUG_INFORMATION_FORMAT = dwarf;
				ENABLE_STRICT_OBJC_MSGSEND = YES;
				ENABLE_TESTABILITY = YES;
				GCC_C_LANGUAGE_STANDARD = gnu11;
				GCC_DYNAMIC_NO_PIC = NO;
				GCC_NO_COMMON_BLOCKS = YES;
				GCC_OPTIMIZATION_LEVEL = 0;
				GCC_PREPROCESSOR_DEFINITIONS = (
					"DEBUG=1",
					"$(inherited)",
				);
				GCC_WARN_64_TO_32_BIT_CONVERSION = YES;
				GCC_WARN_ABOUT_RETURN_TYPE = YES_ERROR;
				GCC_WARN_UNDECLARED_SELECTOR = YES;
				GCC_WARN_UNINITIALIZED_AUTOS = YES_AGGRESSIVE;
				GCC_WARN_UNUSED_FUNCTION = YES;
				GCC_WARN_UNUSED_VARIABLE = YES;
				IPHONEOS_DEPLOYMENT_TARGET = 15.0;
				MTL_ENABLE_DEBUG_INFO = INCLUDE_SOURCE;
				MTL_FAST_MATH = YES;
				ONLY_ACTIVE_ARCH = YES;
				SDKROOT = iphoneos;
				SWIFT_ACTIVE_COMPILATION_CONDITIONS = DEBUG;
				SWIFT_OPTIMIZATION_LEVEL = "-Onone";
			};
			name = Debug;
		};
		447686BD276EB44B004A50E1 /* Release */ = {
			isa = XCBuildConfiguration;
			buildSettings = {
				ALWAYS_SEARCH_USER_PATHS = NO;
				CLANG_ANALYZER_NONNULL = YES;
				CLANG_ANALYZER_NUMBER_OBJECT_CONVERSION = YES_AGGRESSIVE;
				CLANG_CXX_LANGUAGE_STANDARD = "gnu++17";
				CLANG_CXX_LIBRARY = "libc++";
				CLANG_ENABLE_MODULES = YES;
				CLANG_ENABLE_OBJC_ARC = YES;
				CLANG_ENABLE_OBJC_WEAK = YES;
				CLANG_WARN_BLOCK_CAPTURE_AUTORELEASING = YES;
				CLANG_WARN_BOOL_CONVERSION = YES;
				CLANG_WARN_COMMA = YES;
				CLANG_WARN_CONSTANT_CONVERSION = YES;
				CLANG_WARN_DEPRECATED_OBJC_IMPLEMENTATIONS = YES;
				CLANG_WARN_DIRECT_OBJC_ISA_USAGE = YES_ERROR;
				CLANG_WARN_DOCUMENTATION_COMMENTS = YES;
				CLANG_WARN_EMPTY_BODY = YES;
				CLANG_WARN_ENUM_CONVERSION = YES;
				CLANG_WARN_INFINITE_RECURSION = YES;
				CLANG_WARN_INT_CONVERSION = YES;
				CLANG_WARN_NON_LITERAL_NULL_CONVERSION = YES;
				CLANG_WARN_OBJC_IMPLICIT_RETAIN_SELF = YES;
				CLANG_WARN_OBJC_LITERAL_CONVERSION = YES;
				CLANG_WARN_OBJC_ROOT_CLASS = YES_ERROR;
				CLANG_WARN_QUOTED_INCLUDE_IN_FRAMEWORK_HEADER = YES;
				CLANG_WARN_RANGE_LOOP_ANALYSIS = YES;
				CLANG_WARN_STRICT_PROTOTYPES = YES;
				CLANG_WARN_SUSPICIOUS_MOVE = YES;
				CLANG_WARN_UNGUARDED_AVAILABILITY = YES_AGGRESSIVE;
				CLANG_WARN_UNREACHABLE_CODE = YES;
				CLANG_WARN__DUPLICATE_METHOD_MATCH = YES;
				COPY_PHASE_STRIP = NO;
				DEBUG_INFORMATION_FORMAT = "dwarf-with-dsym";
				ENABLE_NS_ASSERTIONS = NO;
				ENABLE_STRICT_OBJC_MSGSEND = YES;
				GCC_C_LANGUAGE_STANDARD = gnu11;
				GCC_NO_COMMON_BLOCKS = YES;
				GCC_WARN_64_TO_32_BIT_CONVERSION = YES;
				GCC_WARN_ABOUT_RETURN_TYPE = YES_ERROR;
				GCC_WARN_UNDECLARED_SELECTOR = YES;
				GCC_WARN_UNINITIALIZED_AUTOS = YES_AGGRESSIVE;
				GCC_WARN_UNUSED_FUNCTION = YES;
				GCC_WARN_UNUSED_VARIABLE = YES;
				IPHONEOS_DEPLOYMENT_TARGET = 15.0;
				MTL_ENABLE_DEBUG_INFO = NO;
				MTL_FAST_MATH = YES;
				SDKROOT = iphoneos;
				SWIFT_COMPILATION_MODE = wholemodule;
				SWIFT_OPTIMIZATION_LEVEL = "-O";
				VALIDATE_PRODUCT = YES;
			};
			name = Release;
		};
		447686BF276EB44B004A50E1 /* Debug */ = {
			isa = XCBuildConfiguration;
			buildSettings = {
				ASSETCATALOG_COMPILER_APPICON_NAME = AppIcon;
				ASSETCATALOG_COMPILER_GLOBAL_ACCENT_COLOR_NAME = AccentColor;
				CODE_SIGN_STYLE = Automatic;
				CURRENT_PROJECT_VERSION = 1;
				DEVELOPMENT_TEAM = 6UU6GXT6T9;
				GENERATE_INFOPLIST_FILE = YES;
				INFOPLIST_FILE = "League App/Info.plist";
				INFOPLIST_KEY_UIApplicationSupportsIndirectInputEvents = YES;
				INFOPLIST_KEY_UILaunchStoryboardName = LaunchScreen;
				INFOPLIST_KEY_UIMainStoryboardFile = Main;
				INFOPLIST_KEY_UISupportedInterfaceOrientations_iPad = "UIInterfaceOrientationPortrait UIInterfaceOrientationPortraitUpsideDown UIInterfaceOrientationLandscapeLeft UIInterfaceOrientationLandscapeRight";
				INFOPLIST_KEY_UISupportedInterfaceOrientations_iPhone = "UIInterfaceOrientationPortrait UIInterfaceOrientationLandscapeLeft UIInterfaceOrientationLandscapeRight";
				LD_RUNPATH_SEARCH_PATHS = (
					"$(inherited)",
					"@executable_path/Frameworks",
				);
				MARKETING_VERSION = 1.0;
				PRODUCT_BUNDLE_IDENTIFIER = "Game6ix.League-App";
				PRODUCT_NAME = "$(TARGET_NAME)";
				SWIFT_EMIT_LOC_STRINGS = YES;
				SWIFT_VERSION = 5.0;
				TARGETED_DEVICE_FAMILY = "1,2";
			};
			name = Debug;
		};
		447686C0276EB44B004A50E1 /* Release */ = {
			isa = XCBuildConfiguration;
			buildSettings = {
				ASSETCATALOG_COMPILER_APPICON_NAME = AppIcon;
				ASSETCATALOG_COMPILER_GLOBAL_ACCENT_COLOR_NAME = AccentColor;
				CODE_SIGN_STYLE = Automatic;
				CURRENT_PROJECT_VERSION = 1;
				DEVELOPMENT_TEAM = 6UU6GXT6T9;
				GENERATE_INFOPLIST_FILE = YES;
				INFOPLIST_FILE = "League App/Info.plist";
				INFOPLIST_KEY_UIApplicationSupportsIndirectInputEvents = YES;
				INFOPLIST_KEY_UILaunchStoryboardName = LaunchScreen;
				INFOPLIST_KEY_UIMainStoryboardFile = Main;
				INFOPLIST_KEY_UISupportedInterfaceOrientations_iPad = "UIInterfaceOrientationPortrait UIInterfaceOrientationPortraitUpsideDown UIInterfaceOrientationLandscapeLeft UIInterfaceOrientationLandscapeRight";
				INFOPLIST_KEY_UISupportedInterfaceOrientations_iPhone = "UIInterfaceOrientationPortrait UIInterfaceOrientationLandscapeLeft UIInterfaceOrientationLandscapeRight";
				LD_RUNPATH_SEARCH_PATHS = (
					"$(inherited)",
					"@executable_path/Frameworks",
				);
				MARKETING_VERSION = 1.0;
				PRODUCT_BUNDLE_IDENTIFIER = "Game6ix.League-App";
				PRODUCT_NAME = "$(TARGET_NAME)";
				SWIFT_EMIT_LOC_STRINGS = YES;
				SWIFT_VERSION = 5.0;
				TARGETED_DEVICE_FAMILY = "1,2";
			};
			name = Release;
		};
		447686C2276EB44B004A50E1 /* Debug */ = {
			isa = XCBuildConfiguration;
			buildSettings = {
				ALWAYS_EMBED_SWIFT_STANDARD_LIBRARIES = YES;
				BUNDLE_LOADER = "$(TEST_HOST)";
				CODE_SIGN_STYLE = Automatic;
				CURRENT_PROJECT_VERSION = 1;
				DEVELOPMENT_TEAM = 6UU6GXT6T9;
				GENERATE_INFOPLIST_FILE = YES;
				IPHONEOS_DEPLOYMENT_TARGET = 15.0;
				LD_RUNPATH_SEARCH_PATHS = (
					"$(inherited)",
					"@executable_path/Frameworks",
					"@loader_path/Frameworks",
				);
				MARKETING_VERSION = 1.0;
				PRODUCT_BUNDLE_IDENTIFIER = "Game6ix.League-AppTests";
				PRODUCT_NAME = "$(TARGET_NAME)";
				SWIFT_EMIT_LOC_STRINGS = NO;
				SWIFT_VERSION = 5.0;
				TARGETED_DEVICE_FAMILY = "1,2";
				TEST_HOST = "$(BUILT_PRODUCTS_DIR)/League App.app/League App";
			};
			name = Debug;
		};
		447686C3276EB44B004A50E1 /* Release */ = {
			isa = XCBuildConfiguration;
			buildSettings = {
				ALWAYS_EMBED_SWIFT_STANDARD_LIBRARIES = YES;
				BUNDLE_LOADER = "$(TEST_HOST)";
				CODE_SIGN_STYLE = Automatic;
				CURRENT_PROJECT_VERSION = 1;
				DEVELOPMENT_TEAM = 6UU6GXT6T9;
				GENERATE_INFOPLIST_FILE = YES;
				IPHONEOS_DEPLOYMENT_TARGET = 15.0;
				LD_RUNPATH_SEARCH_PATHS = (
					"$(inherited)",
					"@executable_path/Frameworks",
					"@loader_path/Frameworks",
				);
				MARKETING_VERSION = 1.0;
				PRODUCT_BUNDLE_IDENTIFIER = "Game6ix.League-AppTests";
				PRODUCT_NAME = "$(TARGET_NAME)";
				SWIFT_EMIT_LOC_STRINGS = NO;
				SWIFT_VERSION = 5.0;
				TARGETED_DEVICE_FAMILY = "1,2";
				TEST_HOST = "$(BUILT_PRODUCTS_DIR)/League App.app/League App";
			};
			name = Release;
		};
		447686C5276EB44B004A50E1 /* Debug */ = {
			isa = XCBuildConfiguration;
			buildSettings = {
				ALWAYS_EMBED_SWIFT_STANDARD_LIBRARIES = YES;
				CODE_SIGN_STYLE = Automatic;
				CURRENT_PROJECT_VERSION = 1;
				DEVELOPMENT_TEAM = 6UU6GXT6T9;
				GENERATE_INFOPLIST_FILE = YES;
				LD_RUNPATH_SEARCH_PATHS = (
					"$(inherited)",
					"@executable_path/Frameworks",
					"@loader_path/Frameworks",
				);
				MARKETING_VERSION = 1.0;
				PRODUCT_BUNDLE_IDENTIFIER = "Game6ix.League-AppUITests";
				PRODUCT_NAME = "$(TARGET_NAME)";
				SWIFT_EMIT_LOC_STRINGS = NO;
				SWIFT_VERSION = 5.0;
				TARGETED_DEVICE_FAMILY = "1,2";
				TEST_TARGET_NAME = "League App";
			};
			name = Debug;
		};
		447686C6276EB44B004A50E1 /* Release */ = {
			isa = XCBuildConfiguration;
			buildSettings = {
				ALWAYS_EMBED_SWIFT_STANDARD_LIBRARIES = YES;
				CODE_SIGN_STYLE = Automatic;
				CURRENT_PROJECT_VERSION = 1;
				DEVELOPMENT_TEAM = 6UU6GXT6T9;
				GENERATE_INFOPLIST_FILE = YES;
				LD_RUNPATH_SEARCH_PATHS = (
					"$(inherited)",
					"@executable_path/Frameworks",
					"@loader_path/Frameworks",
				);
				MARKETING_VERSION = 1.0;
				PRODUCT_BUNDLE_IDENTIFIER = "Game6ix.League-AppUITests";
				PRODUCT_NAME = "$(TARGET_NAME)";
				SWIFT_EMIT_LOC_STRINGS = NO;
				SWIFT_VERSION = 5.0;
				TARGETED_DEVICE_FAMILY = "1,2";
				TEST_TARGET_NAME = "League App";
			};
			name = Release;
		};
/* End XCBuildConfiguration section */

/* Begin XCConfigurationList section */
		4476868F276EB449004A50E1 /* Build configuration list for PBXProject "League App" */ = {
			isa = XCConfigurationList;
			buildConfigurations = (
				447686BC276EB44B004A50E1 /* Debug */,
				447686BD276EB44B004A50E1 /* Release */,
			);
			defaultConfigurationIsVisible = 0;
			defaultConfigurationName = Release;
		};
		447686BE276EB44B004A50E1 /* Build configuration list for PBXNativeTarget "League App" */ = {
			isa = XCConfigurationList;
			buildConfigurations = (
				447686BF276EB44B004A50E1 /* Debug */,
				447686C0276EB44B004A50E1 /* Release */,
			);
			defaultConfigurationIsVisible = 0;
			defaultConfigurationName = Release;
		};
		447686C1276EB44B004A50E1 /* Build configuration list for PBXNativeTarget "League AppTests" */ = {
			isa = XCConfigurationList;
			buildConfigurations = (
				447686C2276EB44B004A50E1 /* Debug */,
				447686C3276EB44B004A50E1 /* Release */,
			);
			defaultConfigurationIsVisible = 0;
			defaultConfigurationName = Release;
		};
		447686C4276EB44B004A50E1 /* Build configuration list for PBXNativeTarget "League AppUITests" */ = {
			isa = XCConfigurationList;
			buildConfigurations = (
				447686C5276EB44B004A50E1 /* Debug */,
				447686C6276EB44B004A50E1 /* Release */,
			);
			defaultConfigurationIsVisible = 0;
			defaultConfigurationName = Release;
		};
/* End XCConfigurationList section */
	};
	rootObject = 4476868C276EB449004A50E1 /* Project object */;
}
